
Microsoft Visual Studio Solution File, Format Version 12.00
# Visual Studio Version 17
VisualStudioVersion = 17.7.34003.232
MinimumVisualStudioVersion = 10.0.40219.1
Project("{9A19103F-16F7-4668-BE54-9A1E7A4F7556}") = "OfferTest", "OfferTest\OfferTest.csproj", "{92FA20A1-06D8-449B-9443-1FD839C060F9}"
EndProject
Project("{9A19103F-16F7-4668-BE54-9A1E7A4F7556}") = "Models", "Modelss\Models.csproj", "{3B1DF00A-11AD-430C-8FF6-C6B8EA727DE7}"
EndProject
Project("{9A19103F-16F7-4668-BE54-9A1E7A4F7556}") = "lottery", "lottery\lottery.csproj", "{5B66A43F-2D4C-4C48-A92A-B459D46FEDFA}"
EndProject
Global
	GlobalSection(SolutionConfigurationPlatforms) = preSolution
		Debug|Any CPU = Debug|Any CPU
		Release|Any CPU = Release|Any CPU
	EndGlobalSection
	GlobalSection(ProjectConfigurationPlatforms) = postSolution
		{92FA20A1-06D8-449B-9443-1FD839C060F9}.Debug|Any CPU.ActiveCfg = Debug|Any CPU
		{92FA20A1-06D8-449B-9443-1FD839C060F9}.Debug|Any CPU.Build.0 = Debug|Any CPU
		{92FA20A1-06D8-449B-9443-1FD839C060F9}.Release|Any CPU.ActiveCfg = Release|Any CPU
		{92FA20A1-06D8-449B-9443-1FD839C060F9}.Release|Any CPU.Build.0 = Release|Any CPU
		{3B1DF00A-11AD-430C-8FF6-C6B8EA727DE7}.Debug|Any CPU.ActiveCfg = Debug|Any CPU
		{3B1DF00A-11AD-430C-8FF6-C6B8EA727DE7}.Debug|Any CPU.Build.0 = Debug|Any CPU
		{3B1DF00A-11AD-430C-8FF6-C6B8EA727DE7}.Release|Any CPU.ActiveCfg = Release|Any CPU
		{3B1DF00A-11AD-430C-8FF6-C6B8EA727DE7}.Release|Any CPU.Build.0 = Release|Any CPU
		{5B66A43F-2D4C-4C48-A92A-B459D46FEDFA}.Debug|Any CPU.ActiveCfg = Debug|Any CPU
		{5B66A43F-2D4C-4C48-A92A-B459D46FEDFA}.Debug|Any CPU.Build.0 = Debug|Any CPU
		{5B66A43F-2D4C-4C48-A92A-B459D46FEDFA}.Release|Any CPU.ActiveCfg = Release|Any CPU
		{5B66A43F-2D4C-4C48-A92A-B459D46FEDFA}.Release|Any CPU.Build.0 = Release|Any CPU
	EndGlobalSection
	GlobalSection(SolutionProperties) = preSolution
		HideSolutionNode = FALSE
	EndGlobalSection
	GlobalSection(ExtensibilityGlobals) = postSolution
		SolutionGuid = {F96A8181-F888-4736-8123-411580FA8328}
	EndGlobalSection
EndGlobal
